
Microsoft Visual Studio Solution File, Format Version 12.00
# Visual Studio Version 17
VisualStudioVersion = 17.7.34031.279
MinimumVisualStudioVersion = 10.0.40219.1
Project("{FAE04EC0-301F-11D3-BF4B-00C04F79EFBC}") = "Notepad1", "Notepad1.csproj", "{4EE26B57-B785-4F11-83B8-06AA3FCD088E}"
EndProject
Global
	GlobalSection(SolutionConfigurationPlatforms) = preSolution
		Debug|Any CPU = Debug|Any CPU
		Release|Any CPU = Release|Any CPU
	EndGlobalSection
	GlobalSection(ProjectConfigurationPlatforms) = postSolution
		{4EE26B57-B785-4F11-83B8-06AA3FCD088E}.Debug|Any CPU.ActiveCfg = Debug|Any CPU
		{4EE26B57-B785-4F11-83B8-06AA3FCD088E}.Debug|Any CPU.Build.0 = Debug|Any CPU
		{4EE26B57-B785-4F11-83B8-06AA3FCD088E}.Release|Any CPU.ActiveCfg = Release|Any CPU
		{4EE26B57-B785-4F11-83B8-06AA3FCD088E}.Release|Any CPU.Build.0 = Release|Any CPU
	EndGlobalSection
	GlobalSection(SolutionProperties) = preSolution
		HideSolutionNode = FALSE
	EndGlobalSection
	GlobalSection(ExtensibilityGlobals) = postSolution
		SolutionGuid = {576495A7-4788-4AF0-B1C0-1586817EA7C3}
	EndGlobalSection
EndGlobal
